// !$*UTF8*$!
{
	archiveVersion = 1;
	classes = {
	};
	objectVersion = 46;
	objects = {

/* Begin PBXBuildFile section */
		4104CCCD1D2F3D17009C7B50 /* AppDelegate.swift in Sources */ = {isa = PBXBuildFile; fileRef = 4104CCCC1D2F3D17009C7B50 /* AppDelegate.swift */; };
		4104CCCF1D2F3D17009C7B50 /* ViewController.swift in Sources */ = {isa = PBXBuildFile; fileRef = 4104CCCE1D2F3D17009C7B50 /* ViewController.swift */; };
		4104CCD21D2F3D17009C7B50 /* Main.storyboard in Resources */ = {isa = PBXBuildFile; fileRef = 4104CCD01D2F3D17009C7B50 /* Main.storyboard */; };
		4104CCD41D2F3D17009C7B50 /* Assets.xcassets in Resources */ = {isa = PBXBuildFile; fileRef = 4104CCD31D2F3D17009C7B50 /* Assets.xcassets */; };
		4104CCD71D2F3D17009C7B50 /* LaunchScreen.storyboard in Resources */ = {isa = PBXBuildFile; fileRef = 4104CCD51D2F3D17009C7B50 /* LaunchScreen.storyboard */; };
		4104CCE21D2F3D17009C7B50 /* swiftsql5Tests.swift in Sources */ = {isa = PBXBuildFile; fileRef = 4104CCE11D2F3D17009C7B50 /* swiftsql5Tests.swift */; };
		4104CCED1D2F3D17009C7B50 /* swiftsql5UITests.swift in Sources */ = {isa = PBXBuildFile; fileRef = 4104CCEC1D2F3D17009C7B50 /* swiftsql5UITests.swift */; };
/* End PBXBuildFile section */

/* Begin PBXContainerItemProxy section */
		4104CCDE1D2F3D17009C7B50 /* PBXContainerItemProxy */ = {
			isa = PBXContainerItemProxy;
			containerPortal = 4104CCC11D2F3D17009C7B50 /* Project object */;
			proxyType = 1;
			remoteGlobalIDString = 4104CCC81D2F3D17009C7B50;
			remoteInfo = swiftsql5;
		};
		4104CCE91D2F3D17009C7B50 /* PBXContainerItemProxy */ = {
			isa = PBXContainerItemProxy;
			containerPortal = 4104CCC11D2F3D17009C7B50 /* Project object */;
			proxyType = 1;
			remoteGlobalIDString = 4104CCC81D2F3D17009C7B50;
			remoteInfo = swiftsql5;
		};
/* End PBXContainerItemProxy section */

/* Begin PBXFileReference section */
		4104CCC91D2F3D17009C7B50 /* swiftsql5.app */ = {isa = PBXFileReference; explicitFileType = wrapper.application; includeInIndex = 0; path = swiftsql5.app; sourceTree = BUILT_PRODUCTS_DIR; };
		4104CCCC1D2F3D17009C7B50 /* AppDelegate.swift */ = {isa = PBXFileReference; lastKnownFileType = sourcecode.swift; path = AppDelegate.swift; sourceTree = "<group>"; };
		4104CCCE1D2F3D17009C7B50 /* ViewController.swift */ = {isa = PBXFileReference; lastKnownFileType = sourcecode.swift; path = ViewController.swift; sourceTree = "<group>"; };
		4104CCD11D2F3D17009C7B50 /* Base */ = {isa = PBXFileReference; lastKnownFileType = file.storyboard; name = Base; path = Base.lproj/Main.storyboard; sourceTree = "<group>"; };
		4104CCD31D2F3D17009C7B50 /* Assets.xcassets */ = {isa = PBXFileReference; lastKnownFileType = folder.assetcatalog; path = Assets.xcassets; sourceTree = "<group>"; };
		4104CCD61D2F3D17009C7B50 /* Base */ = {isa = PBXFileReference; lastKnownFileType = file.storyboard; name = Base; path = Base.lproj/LaunchScreen.storyboard; sourceTree = "<group>"; };
		4104CCD81D2F3D17009C7B50 /* Info.plist */ = {isa = PBXFileReference; lastKnownFileType = text.plist.xml; path = Info.plist; sourceTree = "<group>"; };
		4104CCDD1D2F3D17009C7B50 /* swiftsql5Tests.xctest */ = {isa = PBXFileReference; explicitFileType = wrapper.cfbundle; includeInIndex = 0; path = swiftsql5Tests.xctest; sourceTree = BUILT_PRODUCTS_DIR; };
		4104CCE11D2F3D17009C7B50 /* swiftsql5Tests.swift */ = {isa = PBXFileReference; lastKnownFileType = sourcecode.swift; path = swiftsql5Tests.swift; sourceTree = "<group>"; };
		4104CCE31D2F3D17009C7B50 /* Info.plist */ = {isa = PBXFileReference; lastKnownFileType = text.plist.xml; path = Info.plist; sourceTree = "<group>"; };
		4104CCE81D2F3D17009C7B50 /* swiftsql5UITests.xctest */ = {isa = PBXFileReference; explicitFileType = wrapper.cfbundle; includeInIndex = 0; path = swiftsql5UITests.xctest; sourceTree = BUILT_PRODUCTS_DIR; };
		4104CCEC1D2F3D17009C7B50 /* swiftsql5UITests.swift */ = {isa = PBXFileReference; lastKnownFileType = sourcecode.swift; path = swiftsql5UITests.swift; sourceTree = "<group>"; };
		4104CCEE1D2F3D17009C7B50 /* Info.plist */ = {isa = PBXFileReference; lastKnownFileType = text.plist.xml; path = Info.plist; sourceTree = "<group>"; };
/* End PBXFileReference section */

/* Begin PBXFrameworksBuildPhase section */
		4104CCC61D2F3D17009C7B50 /* Frameworks */ = {
			isa = PBXFrameworksBuildPhase;
			buildActionMask = 2147483647;
			files = (
			);
			runOnlyForDeploymentPostprocessing = 0;
		};
		4104CCDA1D2F3D17009C7B50 /* Frameworks */ = {
			isa = PBXFrameworksBuildPhase;
			buildActionMask = 2147483647;
			files = (
			);
			runOnlyForDeploymentPostprocessing = 0;
		};
		4104CCE51D2F3D17009C7B50 /* Frameworks */ = {
			isa = PBXFrameworksBuildPhase;
			buildActionMask = 2147483647;
			files = (
			);
			runOnlyForDeploymentPostprocessing = 0;
		};
/* End PBXFrameworksBuildPhase section */

/* Begin PBXGroup section */
		4104CCC01D2F3D17009C7B50 = {
			isa = PBXGroup;
			children = (
				4104CCCB1D2F3D17009C7B50 /* swiftsql5 */,
				4104CCE01D2F3D17009C7B50 /* swiftsql5Tests */,
				4104CCEB1D2F3D17009C7B50 /* swiftsql5UITests */,
				4104CCCA1D2F3D17009C7B50 /* Products */,
			);
			sourceTree = "<group>";
		};
		4104CCCA1D2F3D17009C7B50 /* Products */ = {
			isa = PBXGroup;
			children = (
				4104CCC91D2F3D17009C7B50 /* swiftsql5.app */,
				4104CCDD1D2F3D17009C7B50 /* swiftsql5Tests.xctest */,
				4104CCE81D2F3D17009C7B50 /* swiftsql5UITests.xctest */,
			);
			name = Products;
			sourceTree = "<group>";
		};
		4104CCCB1D2F3D17009C7B50 /* swiftsql5 */ = {
			isa = PBXGroup;
			children = (
				4104CCCC1D2F3D17009C7B50 /* AppDelegate.swift */,
				4104CCCE1D2F3D17009C7B50 /* ViewController.swift */,
				4104CCD01D2F3D17009C7B50 /* Main.storyboard */,
				4104CCD31D2F3D17009C7B50 /* Assets.xcassets */,
				4104CCD51D2F3D17009C7B50 /* LaunchScreen.storyboard */,
				4104CCD81D2F3D17009C7B50 /* Info.plist */,
			);
			path = swiftsql5;
			sourceTree = "<group>";
		};
		4104CCE01D2F3D17009C7B50 /* swiftsql5Tests */ = {
			isa = PBXGroup;
			children = (
				4104CCE11D2F3D17009C7B50 /* swiftsql5Tests.swift */,
				4104CCE31D2F3D17009C7B50 /* Info.plist */,
			);
			path = swiftsql5Tests;
			sourceTree = "<group>";
		};
		4104CCEB1D2F3D17009C7B50 /* swiftsql5UITests */ = {
			isa = PBXGroup;
			children = (
				4104CCEC1D2F3D17009C7B50 /* swiftsql5UITests.swift */,
				4104CCEE1D2F3D17009C7B50 /* Info.plist */,
			);
			path = swiftsql5UITests;
			sourceTree = "<group>";
		};
/* End PBXGroup section */

/* Begin PBXNativeTarget section */
		4104CCC81D2F3D17009C7B50 /* swiftsql5 */ = {
			isa = PBXNativeTarget;
			buildConfigurationList = 4104CCF11D2F3D17009C7B50 /* Build configuration list for PBXNativeTarget "swiftsql5" */;
			buildPhases = (
				4104CCC51D2F3D17009C7B50 /* Sources */,
				4104CCC61D2F3D17009C7B50 /* Frameworks */,
				4104CCC71D2F3D17009C7B50 /* Resources */,
			);
			buildRules = (
			);
			dependencies = (
			);
			name = swiftsql5;
			productName = swiftsql5;
			productReference = 4104CCC91D2F3D17009C7B50 /* swiftsql5.app */;
			productType = "com.apple.product-type.application";
		};
		4104CCDC1D2F3D17009C7B50 /* swiftsql5Tests */ = {
			isa = PBXNativeTarget;
			buildConfigurationList = 4104CCF41D2F3D17009C7B50 /* Build configuration list for PBXNativeTarget "swiftsql5Tests" */;
			buildPhases = (
				4104CCD91D2F3D17009C7B50 /* Sources */,
				4104CCDA1D2F3D17009C7B50 /* Frameworks */,
				4104CCDB1D2F3D17009C7B50 /* Resources */,
			);
			buildRules = (
			);
			dependencies = (
				4104CCDF1D2F3D17009C7B50 /* PBXTargetDependency */,
			);
			name = swiftsql5Tests;
			productName = swiftsql5Tests;
			productReference = 4104CCDD1D2F3D17009C7B50 /* swiftsql5Tests.xctest */;
			productType = "com.apple.product-type.bundle.unit-test";
		};
		4104CCE71D2F3D17009C7B50 /* swiftsql5UITests */ = {
			isa = PBXNativeTarget;
			buildConfigurationList = 4104CCF71D2F3D17009C7B50 /* Build configuration list for PBXNativeTarget "swiftsql5UITests" */;
			buildPhases = (
				4104CCE41D2F3D17009C7B50 /* Sources */,
				4104CCE51D2F3D17009C7B50 /* Frameworks */,
				4104CCE61D2F3D17009C7B50 /* Resources */,
			);
			buildRules = (
			);
			dependencies = (
				4104CCEA1D2F3D17009C7B50 /* PBXTargetDependency */,
			);
			name = swiftsql5UITests;
			productName = swiftsql5UITests;
			productReference = 4104CCE81D2F3D17009C7B50 /* swiftsql5UITests.xctest */;
			productType = "com.apple.product-type.bundle.ui-testing";
		};
/* End PBXNativeTarget section */

/* Begin PBXProject section */
		4104CCC11D2F3D17009C7B50 /* Project object */ = {
			isa = PBXProject;
			attributes = {
				LastSwiftUpdateCheck = 0730;
				LastUpgradeCheck = 0730;
				ORGANIZATIONNAME = LZH;
				TargetAttributes = {
					4104CCC81D2F3D17009C7B50 = {
						CreatedOnToolsVersion = 7.3.1;
					};
					4104CCDC1D2F3D17009C7B50 = {
						CreatedOnToolsVersion = 7.3.1;
						TestTargetID = 4104CCC81D2F3D17009C7B50;
					};
					4104CCE71D2F3D17009C7B50 = {
						CreatedOnToolsVersion = 7.3.1;
						TestTargetID = 4104CCC81D2F3D17009C7B50;
					};
				};
			};
			buildConfigurationList = 4104CCC41D2F3D17009C7B50 /* Build configuration list for PBXProject "swiftsql5" */;
			compatibilityVersion = "Xcode 3.2";
			developmentRegion = English;
			hasScannedForEncodings = 0;
			knownRegions = (
				en,
				Base,
			);
			mainGroup = 4104CCC01D2F3D17009C7B50;
			productRefGroup = 4104CCCA1D2F3D17009C7B50 /* Products */;
			projectDirPath = "";
			projectRoot = "";
			targets = (
				4104CCC81D2F3D17009C7B50 /* swiftsql5 */,
				4104CCDC1D2F3D17009C7B50 /* swiftsql5Tests */,
				4104CCE71D2F3D17009C7B50 /* swiftsql5UITests */,
			);
		};
/* End PBXProject section */

/* Begin PBXResourcesBuildPhase section */
		4104CCC71D2F3D17009C7B50 /* Resources */ = {
			isa = PBXResourcesBuildPhase;
			buildActionMask = 2147483647;
			files = (
				4104CCD71D2F3D17009C7B50 /* LaunchScreen.storyboard in Resources */,
				4104CCD41D2F3D17009C7B50 /* Assets.xcassets in Resources */,
				4104CCD21D2F3D17009C7B50 /* Main.storyboard in Resources */,
			);
			runOnlyForDeploymentPostprocessing = 0;
		};
		4104CCDB1D2F3D17009C7B50 /* Resources */ = {
			isa = PBXResourcesBuildPhase;
			buildActionMask = 2147483647;
			files = (
			);
			runOnlyForDeploymentPostprocessing = 0;
		};
		4104CCE61D2F3D17009C7B50 /* Resources */ = {
			isa = PBXResourcesBuildPhase;
			buildActionMask = 2147483647;
			files = (
			);
			runOnlyForDeploymentPostprocessing = 0;
		};
/* End PBXResourcesBuildPhase section */

/* Begin PBXSourcesBuildPhase section */
		4104CCC51D2F3D17009C7B50 /* Sources */ = {
			isa = PBXSourcesBuildPhase;
			buildActionMask = 2147483647;
			files = (
				4104CCCF1D2F3D17009C7B50 /* ViewController.swift in Sources */,
				4104CCCD1D2F3D17009C7B50 /* AppDelegate.swift in Sources */,
			);
			runOnlyForDeploymentPostprocessing = 0;
		};
		4104CCD91D2F3D17009C7B50 /* Sources */ = {
			isa = PBXSourcesBuildPhase;
			buildActionMask = 2147483647;
			files = (
				4104CCE21D2F3D17009C7B50 /* swiftsql5Tests.swift in Sources */,
			);
			runOnlyForDeploymentPostprocessing = 0;
		};
		4104CCE41D2F3D17009C7B50 /* Sources */ = {
			isa = PBXSourcesBuildPhase;
			buildActionMask = 2147483647;
			files = (
				4104CCED1D2F3D17009C7B50 /* swiftsql5UITests.swift in Sources */,
			);
			runOnlyForDeploymentPostprocessing = 0;
		};
/* End PBXSourcesBuildPhase section */

/* Begin PBXTargetDependency section */
		4104CCDF1D2F3D17009C7B50 /* PBXTargetDependency */ = {
			isa = PBXTargetDependency;
			target = 4104CCC81D2F3D17009C7B50 /* swiftsql5 */;
			targetProxy = 4104CCDE1D2F3D17009C7B50 /* PBXContainerItemProxy */;
		};
		4104CCEA1D2F3D17009C7B50 /* PBXTargetDependency */ = {
			isa = PBXTargetDependency;
			target = 4104CCC81D2F3D17009C7B50 /* swiftsql5 */;
			targetProxy = 4104CCE91D2F3D17009C7B50 /* PBXContainerItemProxy */;
		};
/* End PBXTargetDependency section */

/* Begin PBXVariantGroup section */
		4104CCD01D2F3D17009C7B50 /* Main.storyboard */ = {
			isa = PBXVariantGroup;
			children = (
				4104CCD11D2F3D17009C7B50 /* Base */,
			);
			name = Main.storyboard;
			sourceTree = "<group>";
		};
		4104CCD51D2F3D17009C7B50 /* LaunchScreen.storyboard */ = {
			isa = PBXVariantGroup;
			children = (
				4104CCD61D2F3D17009C7B50 /* Base */,
			);
			name = LaunchScreen.storyboard;
			sourceTree = "<group>";
		};
/* End PBXVariantGroup section */

/* Begin XCBuildConfiguration section */
		4104CCEF1D2F3D17009C7B50 /* Debug */ = {
			isa = XCBuildConfiguration;
			buildSettings = {
				ALWAYS_SEARCH_USER_PATHS = NO;
				CLANG_ANALYZER_NONNULL = YES;
				CLANG_CXX_LANGUAGE_STANDARD = "gnu++0x";
				CLANG_CXX_LIBRARY = "libc++";
				CLANG_ENABLE_MODULES = YES;
				CLANG_ENABLE_OBJC_ARC = YES;
				CLANG_WARN_BOOL_CONVERSION = YES;
				CLANG_WARN_CONSTANT_CONVERSION = YES;
				CLANG_WARN_DIRECT_OBJC_ISA_USAGE = YES_ERROR;
				CLANG_WARN_EMPTY_BODY = YES;
				CLANG_WARN_ENUM_CONVERSION = YES;
				CLANG_WARN_INT_CONVERSION = YES;
				CLANG_WARN_OBJC_ROOT_CLASS = YES_ERROR;
				CLANG_WARN_UNREACHABLE_CODE = YES;
				CLANG_WARN__DUPLICATE_METHOD_MATCH = YES;
				"CODE_SIGN_IDENTITY[sdk=iphoneos*]" = "iPhone Developer";
				COPY_PHASE_STRIP = NO;
				DEBUG_INFORMATION_FORMAT = dwarf;
				ENABLE_STRICT_OBJC_MSGSEND = YES;
				ENABLE_TESTABILITY = YES;
				GCC_C_LANGUAGE_STANDARD = gnu99;
				GCC_DYNAMIC_NO_PIC = NO;
				GCC_NO_COMMON_BLOCKS = YES;
				GCC_OPTIMIZATION_LEVEL = 0;
				GCC_PREPROCESSOR_DEFINITIONS = (
					"DEBUG=1",
					"$(inherited)",
				);
				GCC_WARN_64_TO_32_BIT_CONVERSION = YES;
				GCC_WARN_ABOUT_RETURN_TYPE = YES_ERROR;
				GCC_WARN_UNDECLARED_SELECTOR = YES;
				GCC_WARN_UNINITIALIZED_AUTOS = YES_AGGRESSIVE;
				GCC_WARN_UNUSED_FUNCTION = YES;
				GCC_WARN_UNUSED_VARIABLE = YES;
				IPHONEOS_DEPLOYMENT_TARGET = 9.3;
				MTL_ENABLE_DEBUG_INFO = YES;
				ONLY_ACTIVE_ARCH = YES;
				SDKROOT = iphoneos;
				SWIFT_OPTIMIZATION_LEVEL = "-Onone";
				TARGETED_DEVICE_FAMILY = "1,2";
			};
			name = Debug;
		};
		4104CCF01D2F3D17009C7B50 /* Release */ = {
			isa = XCBuildConfiguration;
			buildSettings = {
				ALWAYS_SEARCH_USER_PATHS = NO;
				CLANG_ANALYZER_NONNULL = YES;
				CLANG_CXX_LANGUAGE_STANDARD = "gnu++0x";
				CLANG_CXX_LIBRARY = "libc++";
				CLANG_ENABLE_MODULES = YES;
				CLANG_ENABLE_OBJC_ARC = YES;
				CLANG_WARN_BOOL_CONVERSION = YES;
				CLANG_WARN_CONSTANT_CONVERSION = YES;
				CLANG_WARN_DIRECT_OBJC_ISA_USAGE = YES_ERROR;
				CLANG_WARN_EMPTY_BODY = YES;
				CLANG_WARN_ENUM_CONVERSION = YES;
				CLANG_WARN_INT_CONVERSION = YES;
				CLANG_WARN_OBJC_ROOT_CLASS = YES_ERROR;
				CLANG_WARN_UNREACHABLE_CODE = YES;
				CLANG_WARN__DUPLICATE_METHOD_MATCH = YES;
				"CODE_SIGN_IDENTITY[sdk=iphoneos*]" = "iPhone Developer";
				COPY_PHASE_STRIP = NO;
				DEBUG_INFORMATION_FORMAT = "dwarf-with-dsym";
				ENABLE_NS_ASSERTIONS = NO;
				ENABLE_STRICT_OBJC_MSGSEND = YES;
				GCC_C_LANGUAGE_STANDARD = gnu99;
				GCC_NO_COMMON_BLOCKS = YES;
				GCC_WARN_64_TO_32_BIT_CONVERSION = YES;
				GCC_WARN_ABOUT_RETURN_TYPE = YES_ERROR;
				GCC_WARN_UNDECLARED_SELECTOR = YES;
				GCC_WARN_UNINITIALIZED_AUTOS = YES_AGGRESSIVE;
				GCC_WARN_UNUSED_FUNCTION = YES;
				GCC_WARN_UNUSED_VARIABLE = YES;
				IPHONEOS_DEPLOYMENT_TARGET = 9.3;
				MTL_ENABLE_DEBUG_INFO = NO;
				SDKROOT = iphoneos;
				TARGETED_DEVICE_FAMILY = "1,2";
				VALIDATE_PRODUCT = YES;
			};
			name = Release;
		};
		4104CCF21D2F3D17009C7B50 /* Debug */ = {
			isa = XCBuildConfiguration;
			buildSettings = {
				ASSETCATALOG_COMPILER_APPICON_NAME = AppIcon;
				INFOPLIST_FILE = swiftsql5/Info.plist;
				LD_RUNPATH_SEARCH_PATHS = "$(inherited) @executable_path/Frameworks";
				PRODUCT_BUNDLE_IDENTIFIER = ciecmac14.swiftsql5;
				PRODUCT_NAME = "$(TARGET_NAME)";
			};
			name = Debug;
		};
		4104CCF31D2F3D17009C7B50 /* Release */ = {
			isa = XCBuildConfiguration;
			buildSettings = {
				ASSETCATALOG_COMPILER_APPICON_NAME = AppIcon;
				INFOPLIST_FILE = swiftsql5/Info.plist;
				LD_RUNPATH_SEARCH_PATHS = "$(inherited) @executable_path/Frameworks";
				PRODUCT_BUNDLE_IDENTIFIER = ciecmac14.swiftsql5;
				PRODUCT_NAME = "$(TARGET_NAME)";
			};
			name = Release;
		};
		4104CCF51D2F3D17009C7B50 /* Debug */ = {
			isa = XCBuildConfiguration;
			buildSettings = {
				BUNDLE_LOADER = "$(TEST_HOST)";
				INFOPLIST_FILE = swiftsql5Tests/Info.plist;
				LD_RUNPATH_SEARCH_PATHS = "$(inherited) @executable_path/Frameworks @loader_path/Frameworks";
				PRODUCT_BUNDLE_IDENTIFIER = ciecmac14.swiftsql5Tests;
				PRODUCT_NAME = "$(TARGET_NAME)";
				TEST_HOST = "$(BUILT_PRODUCTS_DIR)/swiftsql5.app/swiftsql5";
			};
			name = Debug;
		};
		4104CCF61D2F3D17009C7B50 /* Release */ = {
			isa = XCBuildConfiguration;
			buildSettings = {
				BUNDLE_LOADER = "$(TEST_HOST)";
				INFOPLIST_FILE = swiftsql5Tests/Info.plist;
				LD_RUNPATH_SEARCH_PATHS = "$(inherited) @executable_path/Frameworks @loader_path/Frameworks";
				PRODUCT_BUNDLE_IDENTIFIER = ciecmac14.swiftsql5Tests;
				PRODUCT_NAME = "$(TARGET_NAME)";
				TEST_HOST = "$(BUILT_PRODUCTS_DIR)/swiftsql5.app/swiftsql5";
			};
			name = Release;
		};
		4104CCF81D2F3D17009C7B50 /* Debug */ = {
			isa = XCBuildConfiguration;
			buildSettings = {
				INFOPLIST_FILE = swiftsql5UITests/Info.plist;
				LD_RUNPATH_SEARCH_PATHS = "$(inherited) @executable_path/Frameworks @loader_path/Frameworks";
				PRODUCT_BUNDLE_IDENTIFIER = ciecmac14.swiftsql5UITests;
				PRODUCT_NAME = "$(TARGET_NAME)";
				TEST_TARGET_NAME = swiftsql5;
			};
			name = Debug;
		};
		4104CCF91D2F3D17009C7B50 /* Release */ = {
			isa = XCBuildConfiguration;
			buildSettings = {
				INFOPLIST_FILE = swiftsql5UITests/Info.plist;
				LD_RUNPATH_SEARCH_PATHS = "$(inherited) @executable_path/Frameworks @loader_path/Frameworks";
				PRODUCT_BUNDLE_IDENTIFIER = ciecmac14.swiftsql5UITests;
				PRODUCT_NAME = "$(TARGET_NAME)";
				TEST_TARGET_NAME = swiftsql5;
			};
			name = Release;
		};
/* End XCBuildConfiguration section */

/* Begin XCConfigurationList section */
		4104CCC41D2F3D17009C7B50 /* Build configuration list for PBXProject "swiftsql5" */ = {
			isa = XCConfigurationList;
			buildConfigurations = (
				4104CCEF1D2F3D17009C7B50 /* Debug */,
				4104CCF01D2F3D17009C7B50 /* Release */,
			);
			defaultConfigurationIsVisible = 0;
			defaultConfigurationName = Release;
		};
		4104CCF11D2F3D17009C7B50 /* Build configuration list for PBXNativeTarget "swiftsql5" */ = {
			isa = XCConfigurationList;
			buildConfigurations = (
				4104CCF21D2F3D17009C7B50 /* Debug */,
				4104CCF31D2F3D17009C7B50 /* Release */,
			);
			defaultConfigurationIsVisible = 0;
		};
		4104CCF41D2F3D17009C7B50 /* Build configuration list for PBXNativeTarget "swiftsql5Tests" */ = {
			isa = XCConfigurationList;
			buildConfigurations = (
				4104CCF51D2F3D17009C7B50 /* Debug */,
				4104CCF61D2F3D17009C7B50 /* Release */,
			);
			defaultConfigurationIsVisible = 0;
		};
		4104CCF71D2F3D17009C7B50 /* Build configuration list for PBXNativeTarget "swiftsql5UITests" */ = {
			isa = XCConfigurationList;
			buildConfigurations = (
				4104CCF81D2F3D17009C7B50 /* Debug */,
				4104CCF91D2F3D17009C7B50 /* Release */,
			);
			defaultConfigurationIsVisible = 0;
		};
/* End XCConfigurationList section */
	};
	rootObject = 4104CCC11D2F3D17009C7B50 /* Project object */;
}
